
Microsoft Visual Studio Solution File, Format Version 12.00
# Visual Studio 14
VisualStudioVersion = 14.0.25420.1
MinimumVisualStudioVersion = 10.0.40219.1
Project("{2150E333-8FDC-42A3-9474-1A3956D46DE8}") = "src", "src", "{A2E1F8BD-3AED-45B4-B269-DD12500BD8FC}"
EndProject
Project("{2150E333-8FDC-42A3-9474-1A3956D46DE8}") = "Solution Items", "Solution Items", "{694D1EFA-0A5B-4B11-BB72-C25CD0488A45}"
	ProjectSection(SolutionItems) = preProject
		global.json = global.json
	EndProjectSection
EndProject
Project("{8BB2217D-0F2D-49D1-97BC-3654ED321F3B}") = "InMemory", "src\InMemory\InMemory.xproj", "{E02DAA2F-A128-4AD0-8A46-4A57EBFB9FE8}"
EndProject
Global
	GlobalSection(SolutionConfigurationPlatforms) = preSolution
		Debug|Any CPU = Debug|Any CPU
		Release|Any CPU = Release|Any CPU
	EndGlobalSection
	GlobalSection(ProjectConfigurationPlatforms) = postSolution
		{E02DAA2F-A128-4AD0-8A46-4A57EBFB9FE8}.Debug|Any CPU.ActiveCfg = Debug|Any CPU
		{E02DAA2F-A128-4AD0-8A46-4A57EBFB9FE8}.Debug|Any CPU.Build.0 = Debug|Any CPU
		{E02DAA2F-A128-4AD0-8A46-4A57EBFB9FE8}.Release|Any CPU.ActiveCfg = Release|Any CPU
		{E02DAA2F-A128-4AD0-8A46-4A57EBFB9FE8}.Release|Any CPU.Build.0 = Release|Any CPU
	EndGlobalSection
	GlobalSection(SolutionProperties) = preSolution
		HideSolutionNode = FALSE
	EndGlobalSection
	GlobalSection(NestedProjects) = preSolution
		{E02DAA2F-A128-4AD0-8A46-4A57EBFB9FE8} = {A2E1F8BD-3AED-45B4-B269-DD12500BD8FC}
	EndGlobalSection
EndGlobal
